
Microsoft Visual Studio Solution File, Format Version 12.00
# Visual Studio Version 17
VisualStudioVersion = 17.14.36109.1 d17.14
MinimumVisualStudioVersion = 10.0.40219.1
Project("{FAE04EC0-301F-11D3-BF4B-00C04F79EFBC}") = "DTOs", "DTOs\DTOs.csproj", "{537046F7-4E87-48AF-81C3-ACE983A72536}"
EndProject
Project("{2150E333-8FDC-42A3-9474-1A3956D46DE8}") = "0_DTOs", "0_DTOs", "{02EA681E-C7D8-13C7-8484-4AC65E1B71E8}"
EndProject
Project("{2150E333-8FDC-42A3-9474-1A3956D46DE8}") = "1-DataAccess", "1-DataAccess", "{115945BA-E3C8-4E34-A4AA-56A474760B6D}"
EndProject
Project("{FAE04EC0-301F-11D3-BF4B-00C04F79EFBC}") = "DataAccess", "DataAccess\DataAccess.csproj", "{5ECB7009-4883-452F-A0B8-4EB13F55E76F}"
EndProject
Project("{2150E333-8FDC-42A3-9474-1A3956D46DE8}") = "2_CoreApp", "2_CoreApp", "{CCF431DB-7719-4775-BB4D-AE9E681989DE}"
EndProject
Project("{FAE04EC0-301F-11D3-BF4B-00C04F79EFBC}") = "CoreApp", "CoreApp\CoreApp.csproj", "{6CDC6CB9-2781-4353-95AE-3593998C0EC4}"
EndProject
Project("{2150E333-8FDC-42A3-9474-1A3956D46DE8}") = "3_Exceptions", "3_Exceptions", "{C9E5126C-D81D-43D5-9CCE-5A32D3E096F5}"
EndProject
Project("{FAE04EC0-301F-11D3-BF4B-00C04F79EFBC}") = "ExceptionManager", "ExceptionManager\ExceptionManager.csproj", "{EF1C4275-8FD6-4E4C-AD1E-DD7D840BB283}"
EndProject
Project("{2150E333-8FDC-42A3-9474-1A3956D46DE8}") = "4_WebApi", "4_WebApi", "{ABC74C25-6216-498C-BE72-95EF61D929F9}"
EndProject
Project("{FAE04EC0-301F-11D3-BF4B-00C04F79EFBC}") = "WebAPI", "WebAPI\WebAPI.csproj", "{E446E436-0F1A-4A24-948D-073532103763}"
EndProject
Project("{2150E333-8FDC-42A3-9474-1A3956D46DE8}") = "5_WebApp", "5_WebApp", "{C8E19AD6-0637-4463-8510-2D358D6FFA93}"
EndProject
Project("{FAE04EC0-301F-11D3-BF4B-00C04F79EFBC}") = "WebApp", "WebApp\WebApp.csproj", "{C4D4DBA0-CDCC-4B23-9E4D-65C2B03934A1}"
EndProject
Project("{2150E333-8FDC-42A3-9474-1A3956D46DE8}") = "99_Testing", "99_Testing", "{E914DA80-8E29-4E00-8D3F-8ABE4C9E6136}"
EndProject
Project("{FAE04EC0-301F-11D3-BF4B-00C04F79EFBC}") = "DevTester", "DevTester\DevTester.csproj", "{C4562C16-BE93-442E-ABC3-82A7F6769818}"
EndProject
Global
	GlobalSection(SolutionConfigurationPlatforms) = preSolution
		Debug|Any CPU = Debug|Any CPU
		Release|Any CPU = Release|Any CPU
	EndGlobalSection
	GlobalSection(ProjectConfigurationPlatforms) = postSolution
		{537046F7-4E87-48AF-81C3-ACE983A72536}.Debug|Any CPU.ActiveCfg = Debug|Any CPU
		{537046F7-4E87-48AF-81C3-ACE983A72536}.Debug|Any CPU.Build.0 = Debug|Any CPU
		{537046F7-4E87-48AF-81C3-ACE983A72536}.Release|Any CPU.ActiveCfg = Release|Any CPU
		{537046F7-4E87-48AF-81C3-ACE983A72536}.Release|Any CPU.Build.0 = Release|Any CPU
		{5ECB7009-4883-452F-A0B8-4EB13F55E76F}.Debug|Any CPU.ActiveCfg = Debug|Any CPU
		{5ECB7009-4883-452F-A0B8-4EB13F55E76F}.Debug|Any CPU.Build.0 = Debug|Any CPU
		{5ECB7009-4883-452F-A0B8-4EB13F55E76F}.Release|Any CPU.ActiveCfg = Release|Any CPU
		{5ECB7009-4883-452F-A0B8-4EB13F55E76F}.Release|Any CPU.Build.0 = Release|Any CPU
		{6CDC6CB9-2781-4353-95AE-3593998C0EC4}.Debug|Any CPU.ActiveCfg = Debug|Any CPU
		{6CDC6CB9-2781-4353-95AE-3593998C0EC4}.Debug|Any CPU.Build.0 = Debug|Any CPU
		{6CDC6CB9-2781-4353-95AE-3593998C0EC4}.Release|Any CPU.ActiveCfg = Release|Any CPU
		{6CDC6CB9-2781-4353-95AE-3593998C0EC4}.Release|Any CPU.Build.0 = Release|Any CPU
		{EF1C4275-8FD6-4E4C-AD1E-DD7D840BB283}.Debug|Any CPU.ActiveCfg = Debug|Any CPU
		{EF1C4275-8FD6-4E4C-AD1E-DD7D840BB283}.Debug|Any CPU.Build.0 = Debug|Any CPU
		{EF1C4275-8FD6-4E4C-AD1E-DD7D840BB283}.Release|Any CPU.ActiveCfg = Release|Any CPU
		{EF1C4275-8FD6-4E4C-AD1E-DD7D840BB283}.Release|Any CPU.Build.0 = Release|Any CPU
		{E446E436-0F1A-4A24-948D-073532103763}.Debug|Any CPU.ActiveCfg = Debug|Any CPU
		{E446E436-0F1A-4A24-948D-073532103763}.Debug|Any CPU.Build.0 = Debug|Any CPU
		{E446E436-0F1A-4A24-948D-073532103763}.Release|Any CPU.ActiveCfg = Release|Any CPU
		{E446E436-0F1A-4A24-948D-073532103763}.Release|Any CPU.Build.0 = Release|Any CPU
		{C4D4DBA0-CDCC-4B23-9E4D-65C2B03934A1}.Debug|Any CPU.ActiveCfg = Debug|Any CPU
		{C4D4DBA0-CDCC-4B23-9E4D-65C2B03934A1}.Debug|Any CPU.Build.0 = Debug|Any CPU
		{C4D4DBA0-CDCC-4B23-9E4D-65C2B03934A1}.Release|Any CPU.ActiveCfg = Release|Any CPU
		{C4D4DBA0-CDCC-4B23-9E4D-65C2B03934A1}.Release|Any CPU.Build.0 = Release|Any CPU
		{C4562C16-BE93-442E-ABC3-82A7F6769818}.Debug|Any CPU.ActiveCfg = Debug|Any CPU
		{C4562C16-BE93-442E-ABC3-82A7F6769818}.Debug|Any CPU.Build.0 = Debug|Any CPU
		{C4562C16-BE93-442E-ABC3-82A7F6769818}.Release|Any CPU.ActiveCfg = Release|Any CPU
		{C4562C16-BE93-442E-ABC3-82A7F6769818}.Release|Any CPU.Build.0 = Release|Any CPU
	EndGlobalSection
	GlobalSection(SolutionProperties) = preSolution
		HideSolutionNode = FALSE
	EndGlobalSection
	GlobalSection(NestedProjects) = preSolution
		{537046F7-4E87-48AF-81C3-ACE983A72536} = {02EA681E-C7D8-13C7-8484-4AC65E1B71E8}
		{5ECB7009-4883-452F-A0B8-4EB13F55E76F} = {115945BA-E3C8-4E34-A4AA-56A474760B6D}
		{6CDC6CB9-2781-4353-95AE-3593998C0EC4} = {CCF431DB-7719-4775-BB4D-AE9E681989DE}
		{EF1C4275-8FD6-4E4C-AD1E-DD7D840BB283} = {C9E5126C-D81D-43D5-9CCE-5A32D3E096F5}
		{E446E436-0F1A-4A24-948D-073532103763} = {ABC74C25-6216-498C-BE72-95EF61D929F9}
		{C4D4DBA0-CDCC-4B23-9E4D-65C2B03934A1} = {C8E19AD6-0637-4463-8510-2D358D6FFA93}
		{C4562C16-BE93-442E-ABC3-82A7F6769818} = {E914DA80-8E29-4E00-8D3F-8ABE4C9E6136}
	EndGlobalSection
	GlobalSection(ExtensibilityGlobals) = postSolution
		SolutionGuid = {34DF9A09-93A0-4891-BED8-340475961249}
	EndGlobalSection
EndGlobal
