
Microsoft Visual Studio Solution File, Format Version 12.00
# Visual Studio Version 17
VisualStudioVersion = 17.14.36203.30
MinimumVisualStudioVersion = 10.0.40219.1
Project("{FAE04EC0-301F-11D3-BF4B-00C04F79EFBC}") = "DTOs", "DTOs\DTOs.csproj", "{790071B8-682B-478E-8323-0A5D2485505C}"
EndProject
Project("{2150E333-8FDC-42A3-9474-1A3956D46DE8}") = "0_DTOs", "0_DTOs", "{02EA681E-C7D8-13C7-8484-4AC65E1B71E8}"
EndProject
Project("{2150E333-8FDC-42A3-9474-1A3956D46DE8}") = "1_DataAccess", "1_DataAccess", "{4B8B5E5E-9D90-4094-8A62-79B69F7602F3}"
EndProject
Project("{FAE04EC0-301F-11D3-BF4B-00C04F79EFBC}") = "DataAccess", "DataAccess\DataAccess.csproj", "{A6D8D3ED-0EB6-49BC-A746-CA8F95A5F5B7}"
EndProject
Project("{2150E333-8FDC-42A3-9474-1A3956D46DE8}") = "2_CoreApp", "2_CoreApp", "{234E4A40-5B40-4D34-9151-C97C88C3C173}"
EndProject
Project("{FAE04EC0-301F-11D3-BF4B-00C04F79EFBC}") = "CoreApp", "CoreApp\CoreApp.csproj", "{0D9DB97F-1DB6-4A86-A62F-C937D29329D4}"
EndProject
Project("{2150E333-8FDC-42A3-9474-1A3956D46DE8}") = "3_Exceptions", "3_Exceptions", "{F4904FAF-9D6B-4F35-AE47-0D46446896C6}"
EndProject
Project("{FAE04EC0-301F-11D3-BF4B-00C04F79EFBC}") = "ExceptionManager", "ExceptionManager\ExceptionManager.csproj", "{2F91F116-EA35-49FD-A440-C1755D52D3F0}"
EndProject
Project("{2150E333-8FDC-42A3-9474-1A3956D46DE8}") = "4_WebApi", "4_WebApi", "{B859752C-A067-49F6-BB2A-585FBE30C75E}"
EndProject
Project("{FAE04EC0-301F-11D3-BF4B-00C04F79EFBC}") = "WebAPI", "WebAPI\WebAPI.csproj", "{73E93EA5-6B04-42B8-B9D2-F2E521D575FC}"
EndProject
Project("{2150E333-8FDC-42A3-9474-1A3956D46DE8}") = "5_WebApp", "5_WebApp", "{8B28816C-7C6E-459B-8EF4-262C9DCB6AA7}"
EndProject
Project("{FAE04EC0-301F-11D3-BF4B-00C04F79EFBC}") = "WebApp", "WebApp\WebApp.csproj", "{57DD4477-9113-4AF5-9548-375AB539E26B}"
EndProject
Project("{2150E333-8FDC-42A3-9474-1A3956D46DE8}") = "99_Testing", "99_Testing", "{B8190D40-0A8E-47FF-BD2B-CE989F74DD93}"
EndProject
Project("{FAE04EC0-301F-11D3-BF4B-00C04F79EFBC}") = "DevTester", "DevTester\DevTester.csproj", "{25AF2DC5-C1A5-41BC-846B-0D71951420F7}"
EndProject
Global
	GlobalSection(SolutionConfigurationPlatforms) = preSolution
		Debug|Any CPU = Debug|Any CPU
		Release|Any CPU = Release|Any CPU
	EndGlobalSection
	GlobalSection(ProjectConfigurationPlatforms) = postSolution
		{790071B8-682B-478E-8323-0A5D2485505C}.Debug|Any CPU.ActiveCfg = Debug|Any CPU
		{790071B8-682B-478E-8323-0A5D2485505C}.Debug|Any CPU.Build.0 = Debug|Any CPU
		{790071B8-682B-478E-8323-0A5D2485505C}.Release|Any CPU.ActiveCfg = Release|Any CPU
		{790071B8-682B-478E-8323-0A5D2485505C}.Release|Any CPU.Build.0 = Release|Any CPU
		{A6D8D3ED-0EB6-49BC-A746-CA8F95A5F5B7}.Debug|Any CPU.ActiveCfg = Debug|Any CPU
		{A6D8D3ED-0EB6-49BC-A746-CA8F95A5F5B7}.Debug|Any CPU.Build.0 = Debug|Any CPU
		{A6D8D3ED-0EB6-49BC-A746-CA8F95A5F5B7}.Release|Any CPU.ActiveCfg = Release|Any CPU
		{A6D8D3ED-0EB6-49BC-A746-CA8F95A5F5B7}.Release|Any CPU.Build.0 = Release|Any CPU
		{0D9DB97F-1DB6-4A86-A62F-C937D29329D4}.Debug|Any CPU.ActiveCfg = Debug|Any CPU
		{0D9DB97F-1DB6-4A86-A62F-C937D29329D4}.Debug|Any CPU.Build.0 = Debug|Any CPU
		{0D9DB97F-1DB6-4A86-A62F-C937D29329D4}.Release|Any CPU.ActiveCfg = Release|Any CPU
		{0D9DB97F-1DB6-4A86-A62F-C937D29329D4}.Release|Any CPU.Build.0 = Release|Any CPU
		{2F91F116-EA35-49FD-A440-C1755D52D3F0}.Debug|Any CPU.ActiveCfg = Debug|Any CPU
		{2F91F116-EA35-49FD-A440-C1755D52D3F0}.Debug|Any CPU.Build.0 = Debug|Any CPU
		{2F91F116-EA35-49FD-A440-C1755D52D3F0}.Release|Any CPU.ActiveCfg = Release|Any CPU
		{2F91F116-EA35-49FD-A440-C1755D52D3F0}.Release|Any CPU.Build.0 = Release|Any CPU
		{73E93EA5-6B04-42B8-B9D2-F2E521D575FC}.Debug|Any CPU.ActiveCfg = Debug|Any CPU
		{73E93EA5-6B04-42B8-B9D2-F2E521D575FC}.Debug|Any CPU.Build.0 = Debug|Any CPU
		{73E93EA5-6B04-42B8-B9D2-F2E521D575FC}.Release|Any CPU.ActiveCfg = Release|Any CPU
		{73E93EA5-6B04-42B8-B9D2-F2E521D575FC}.Release|Any CPU.Build.0 = Release|Any CPU
		{57DD4477-9113-4AF5-9548-375AB539E26B}.Debug|Any CPU.ActiveCfg = Debug|Any CPU
		{57DD4477-9113-4AF5-9548-375AB539E26B}.Debug|Any CPU.Build.0 = Debug|Any CPU
		{57DD4477-9113-4AF5-9548-375AB539E26B}.Release|Any CPU.ActiveCfg = Release|Any CPU
		{57DD4477-9113-4AF5-9548-375AB539E26B}.Release|Any CPU.Build.0 = Release|Any CPU
		{25AF2DC5-C1A5-41BC-846B-0D71951420F7}.Debug|Any CPU.ActiveCfg = Debug|Any CPU
		{25AF2DC5-C1A5-41BC-846B-0D71951420F7}.Debug|Any CPU.Build.0 = Debug|Any CPU
		{25AF2DC5-C1A5-41BC-846B-0D71951420F7}.Release|Any CPU.ActiveCfg = Release|Any CPU
		{25AF2DC5-C1A5-41BC-846B-0D71951420F7}.Release|Any CPU.Build.0 = Release|Any CPU
	EndGlobalSection
	GlobalSection(SolutionProperties) = preSolution
		HideSolutionNode = FALSE
	EndGlobalSection
	GlobalSection(NestedProjects) = preSolution
		{790071B8-682B-478E-8323-0A5D2485505C} = {02EA681E-C7D8-13C7-8484-4AC65E1B71E8}
		{A6D8D3ED-0EB6-49BC-A746-CA8F95A5F5B7} = {4B8B5E5E-9D90-4094-8A62-79B69F7602F3}
		{0D9DB97F-1DB6-4A86-A62F-C937D29329D4} = {234E4A40-5B40-4D34-9151-C97C88C3C173}
		{2F91F116-EA35-49FD-A440-C1755D52D3F0} = {F4904FAF-9D6B-4F35-AE47-0D46446896C6}
		{73E93EA5-6B04-42B8-B9D2-F2E521D575FC} = {B859752C-A067-49F6-BB2A-585FBE30C75E}
		{57DD4477-9113-4AF5-9548-375AB539E26B} = {8B28816C-7C6E-459B-8EF4-262C9DCB6AA7}
		{25AF2DC5-C1A5-41BC-846B-0D71951420F7} = {B8190D40-0A8E-47FF-BD2B-CE989F74DD93}
	EndGlobalSection
	GlobalSection(ExtensibilityGlobals) = postSolution
		SolutionGuid = {ACBBCB9A-DAF5-46A2-9A3A-2F42194FD6FB}
	EndGlobalSection
EndGlobal
